
Microsoft Visual Studio Solution File, Format Version 12.00
# Visual Studio Version 17
VisualStudioVersion = 17.7.34009.444
MinimumVisualStudioVersion = 10.0.40219.1
Project("{9A19103F-16F7-4668-BE54-9A1E7A4F7556}") = "AppleAndOranges", "AppleAndOranges\AppleAndOranges.csproj", "{21FA5160-1A54-43C8-B6D9-A18F45C5D7A6}"
EndProject
Project("{FAE04EC0-301F-11D3-BF4B-00C04F79EFBC}") = "Kangaroo", "Kangaroo\Kangaroo.csproj", "{625B1EA1-317C-43F4-B5B3-4491F86E36FF}"
EndProject
Global
	GlobalSection(SolutionConfigurationPlatforms) = preSolution
		Debug|Any CPU = Debug|Any CPU
		Release|Any CPU = Release|Any CPU
	EndGlobalSection
	GlobalSection(ProjectConfigurationPlatforms) = postSolution
		{21FA5160-1A54-43C8-B6D9-A18F45C5D7A6}.Debug|Any CPU.ActiveCfg = Debug|Any CPU
		{21FA5160-1A54-43C8-B6D9-A18F45C5D7A6}.Debug|Any CPU.Build.0 = Debug|Any CPU
		{21FA5160-1A54-43C8-B6D9-A18F45C5D7A6}.Release|Any CPU.ActiveCfg = Release|Any CPU
		{21FA5160-1A54-43C8-B6D9-A18F45C5D7A6}.Release|Any CPU.Build.0 = Release|Any CPU
		{625B1EA1-317C-43F4-B5B3-4491F86E36FF}.Debug|Any CPU.ActiveCfg = Debug|Any CPU
		{625B1EA1-317C-43F4-B5B3-4491F86E36FF}.Debug|Any CPU.Build.0 = Debug|Any CPU
		{625B1EA1-317C-43F4-B5B3-4491F86E36FF}.Release|Any CPU.ActiveCfg = Release|Any CPU
		{625B1EA1-317C-43F4-B5B3-4491F86E36FF}.Release|Any CPU.Build.0 = Release|Any CPU
	EndGlobalSection
	GlobalSection(SolutionProperties) = preSolution
		HideSolutionNode = FALSE
	EndGlobalSection
	GlobalSection(ExtensibilityGlobals) = postSolution
		SolutionGuid = {6DDFCF00-26D2-4AD3-86EE-A0AB3A5B5C6C}
	EndGlobalSection
EndGlobal
